// !$*UTF8*$!
{
	archiveVersion = 1;
	classes = {
	};
	objectVersion = 55;
	objects = {

/* Begin PBXBuildFile section */
		4375EE8A28BEC590003123A4 /* DetailsViewController.swift in Sources */ = {isa = PBXBuildFile; fileRef = 4375EE8928BEC590003123A4 /* DetailsViewController.swift */; };
		ED4B61AC28BCA12300CFF12F /* AppDelegate.swift in Sources */ = {isa = PBXBuildFile; fileRef = ED4B61AB28BCA12300CFF12F /* AppDelegate.swift */; };
		ED4B61AE28BCA12300CFF12F /* SceneDelegate.swift in Sources */ = {isa = PBXBuildFile; fileRef = ED4B61AD28BCA12300CFF12F /* SceneDelegate.swift */; };
		ED4B61B028BCA12300CFF12F /* ViewController.swift in Sources */ = {isa = PBXBuildFile; fileRef = ED4B61AF28BCA12300CFF12F /* ViewController.swift */; };
		ED4B61B328BCA12300CFF12F /* Main.storyboard in Resources */ = {isa = PBXBuildFile; fileRef = ED4B61B128BCA12300CFF12F /* Main.storyboard */; };
		ED4B61B528BCA12500CFF12F /* Assets.xcassets in Resources */ = {isa = PBXBuildFile; fileRef = ED4B61B428BCA12500CFF12F /* Assets.xcassets */; };
		ED4B61B828BCA12500CFF12F /* LaunchScreen.storyboard in Resources */ = {isa = PBXBuildFile; fileRef = ED4B61B628BCA12500CFF12F /* LaunchScreen.storyboard */; };
		EDEAD55528BF5D2000398023 /* MainPageViewController.swift in Sources */ = {isa = PBXBuildFile; fileRef = EDEAD55428BF5D2000398023 /* MainPageViewController.swift */; };
		EDEAD55828BF5DE000398023 /* CustomCollectionViewCell.swift in Sources */ = {isa = PBXBuildFile; fileRef = EDEAD55628BF5DE000398023 /* CustomCollectionViewCell.swift */; };
		EDEAD55928BF5DE000398023 /* CustomCollectionViewCell.xib in Resources */ = {isa = PBXBuildFile; fileRef = EDEAD55728BF5DE000398023 /* CustomCollectionViewCell.xib */; };
		EDEAD56228BF5EE400398023 /* CollectionTableViewCell.swift in Sources */ = {isa = PBXBuildFile; fileRef = EDEAD56028BF5EE400398023 /* CollectionTableViewCell.swift */; };
		EDEAD56328BF5EE400398023 /* CollectionTableViewCell.xib in Resources */ = {isa = PBXBuildFile; fileRef = EDEAD56128BF5EE400398023 /* CollectionTableViewCell.xib */; };
/* End PBXBuildFile section */

/* Begin PBXFileReference section */
		4375EE8928BEC590003123A4 /* DetailsViewController.swift */ = {isa = PBXFileReference; lastKnownFileType = sourcecode.swift; path = DetailsViewController.swift; sourceTree = "<group>"; };
		ED4B61A828BCA12300CFF12F /* MovieDatabase.app */ = {isa = PBXFileReference; explicitFileType = wrapper.application; includeInIndex = 0; path = MovieDatabase.app; sourceTree = BUILT_PRODUCTS_DIR; };
		ED4B61AB28BCA12300CFF12F /* AppDelegate.swift */ = {isa = PBXFileReference; lastKnownFileType = sourcecode.swift; path = AppDelegate.swift; sourceTree = "<group>"; };
		ED4B61AD28BCA12300CFF12F /* SceneDelegate.swift */ = {isa = PBXFileReference; lastKnownFileType = sourcecode.swift; path = SceneDelegate.swift; sourceTree = "<group>"; };
		ED4B61AF28BCA12300CFF12F /* ViewController.swift */ = {isa = PBXFileReference; lastKnownFileType = sourcecode.swift; path = ViewController.swift; sourceTree = "<group>"; };
		ED4B61B228BCA12300CFF12F /* Base */ = {isa = PBXFileReference; lastKnownFileType = file.storyboard; name = Base; path = Base.lproj/Main.storyboard; sourceTree = "<group>"; };
		ED4B61B428BCA12500CFF12F /* Assets.xcassets */ = {isa = PBXFileReference; lastKnownFileType = folder.assetcatalog; path = Assets.xcassets; sourceTree = "<group>"; };
		ED4B61B728BCA12500CFF12F /* Base */ = {isa = PBXFileReference; lastKnownFileType = file.storyboard; name = Base; path = Base.lproj/LaunchScreen.storyboard; sourceTree = "<group>"; };
		ED4B61B928BCA12500CFF12F /* Info.plist */ = {isa = PBXFileReference; lastKnownFileType = text.plist.xml; path = Info.plist; sourceTree = "<group>"; };
		EDEAD55428BF5D2000398023 /* MainPageViewController.swift */ = {isa = PBXFileReference; lastKnownFileType = sourcecode.swift; path = MainPageViewController.swift; sourceTree = "<group>"; };
		EDEAD55628BF5DE000398023 /* CustomCollectionViewCell.swift */ = {isa = PBXFileReference; lastKnownFileType = sourcecode.swift; path = CustomCollectionViewCell.swift; sourceTree = "<group>"; };
		EDEAD55728BF5DE000398023 /* CustomCollectionViewCell.xib */ = {isa = PBXFileReference; lastKnownFileType = file.xib; path = CustomCollectionViewCell.xib; sourceTree = "<group>"; };
		EDEAD56028BF5EE400398023 /* CollectionTableViewCell.swift */ = {isa = PBXFileReference; lastKnownFileType = sourcecode.swift; path = CollectionTableViewCell.swift; sourceTree = "<group>"; };
		EDEAD56128BF5EE400398023 /* CollectionTableViewCell.xib */ = {isa = PBXFileReference; lastKnownFileType = file.xib; path = CollectionTableViewCell.xib; sourceTree = "<group>"; };
/* End PBXFileReference section */

/* Begin PBXFrameworksBuildPhase section */
		ED4B61A528BCA12300CFF12F /* Frameworks */ = {
			isa = PBXFrameworksBuildPhase;
			buildActionMask = 2147483647;
			files = (
			);
			runOnlyForDeploymentPostprocessing = 0;
		};
/* End PBXFrameworksBuildPhase section */

/* Begin PBXGroup section */
		ED4B619F28BCA12300CFF12F = {
			isa = PBXGroup;
			children = (
				ED4B61AA28BCA12300CFF12F /* MovieDatabase */,
				ED4B61A928BCA12300CFF12F /* Products */,
			);
			sourceTree = "<group>";
		};
		ED4B61A928BCA12300CFF12F /* Products */ = {
			isa = PBXGroup;
			children = (
				ED4B61A828BCA12300CFF12F /* MovieDatabase.app */,
			);
			name = Products;
			sourceTree = "<group>";
		};
		ED4B61AA28BCA12300CFF12F /* MovieDatabase */ = {
			isa = PBXGroup;
			children = (
				ED4B61C128BCA18F00CFF12F /* Model */,
				ED4B61C028BCA17500CFF12F /* Controller */,
				ED4B61BF28BCA15000CFF12F /* View */,
				ED4B61C228BCA1C700CFF12F /* Supporting Files */,
				ED4B61AB28BCA12300CFF12F /* AppDelegate.swift */,
				ED4B61AD28BCA12300CFF12F /* SceneDelegate.swift */,
				ED4B61B628BCA12500CFF12F /* LaunchScreen.storyboard */,
				ED4B61B928BCA12500CFF12F /* Info.plist */,
			);
			path = MovieDatabase;
			sourceTree = "<group>";
		};
		ED4B61BF28BCA15000CFF12F /* View */ = {
			isa = PBXGroup;
			children = (
				ED4B61B128BCA12300CFF12F /* Main.storyboard */,
				EDEAD55628BF5DE000398023 /* CustomCollectionViewCell.swift */,
				EDEAD55728BF5DE000398023 /* CustomCollectionViewCell.xib */,
				EDEAD56028BF5EE400398023 /* CollectionTableViewCell.swift */,
				EDEAD56128BF5EE400398023 /* CollectionTableViewCell.xib */,
			);
			path = View;
			sourceTree = "<group>";
		};
		ED4B61C028BCA17500CFF12F /* Controller */ = {
			isa = PBXGroup;
			children = (
				ED4B61AF28BCA12300CFF12F /* ViewController.swift */,
				4375EE8928BEC590003123A4 /* DetailsViewController.swift */,
				EDEAD55428BF5D2000398023 /* MainPageViewController.swift */,
			);
			path = Controller;
			sourceTree = "<group>";
		};
		ED4B61C128BCA18F00CFF12F /* Model */ = {
			isa = PBXGroup;
			children = (
			);
			path = Model;
			sourceTree = "<group>";
		};
		ED4B61C228BCA1C700CFF12F /* Supporting Files */ = {
			isa = PBXGroup;
			children = (
				ED4B61B428BCA12500CFF12F /* Assets.xcassets */,
			);
			path = "Supporting Files";
			sourceTree = "<group>";
		};
/* End PBXGroup section */

/* Begin PBXNativeTarget section */
		ED4B61A728BCA12300CFF12F /* MovieDatabase */ = {
			isa = PBXNativeTarget;
			buildConfigurationList = ED4B61BC28BCA12500CFF12F /* Build configuration list for PBXNativeTarget "MovieDatabase" */;
			buildPhases = (
				ED4B61A428BCA12300CFF12F /* Sources */,
				ED4B61A528BCA12300CFF12F /* Frameworks */,
				ED4B61A628BCA12300CFF12F /* Resources */,
			);
			buildRules = (
			);
			dependencies = (
			);
			name = MovieDatabase;
			productName = MovieDatabase;
			productReference = ED4B61A828BCA12300CFF12F /* MovieDatabase.app */;
			productType = "com.apple.product-type.application";
		};
/* End PBXNativeTarget section */

/* Begin PBXProject section */
		ED4B61A028BCA12300CFF12F /* Project object */ = {
			isa = PBXProject;
			attributes = {
				BuildIndependentTargetsInParallel = 1;
				LastSwiftUpdateCheck = 1320;
				LastUpgradeCheck = 1320;
				TargetAttributes = {
					ED4B61A728BCA12300CFF12F = {
						CreatedOnToolsVersion = 13.2.1;
					};
				};
			};
			buildConfigurationList = ED4B61A328BCA12300CFF12F /* Build configuration list for PBXProject "MovieDatabase" */;
			compatibilityVersion = "Xcode 13.0";
			developmentRegion = en;
			hasScannedForEncodings = 0;
			knownRegions = (
				en,
				Base,
			);
			mainGroup = ED4B619F28BCA12300CFF12F;
			productRefGroup = ED4B61A928BCA12300CFF12F /* Products */;
			projectDirPath = "";
			projectRoot = "";
			targets = (
				ED4B61A728BCA12300CFF12F /* MovieDatabase */,
			);
		};
/* End PBXProject section */

/* Begin PBXResourcesBuildPhase section */
		ED4B61A628BCA12300CFF12F /* Resources */ = {
			isa = PBXResourcesBuildPhase;
			buildActionMask = 2147483647;
			files = (
				EDEAD56328BF5EE400398023 /* CollectionTableViewCell.xib in Resources */,
				ED4B61B828BCA12500CFF12F /* LaunchScreen.storyboard in Resources */,
				EDEAD55928BF5DE000398023 /* CustomCollectionViewCell.xib in Resources */,
				ED4B61B528BCA12500CFF12F /* Assets.xcassets in Resources */,
				ED4B61B328BCA12300CFF12F /* Main.storyboard in Resources */,
			);
			runOnlyForDeploymentPostprocessing = 0;
		};
/* End PBXResourcesBuildPhase section */

/* Begin PBXSourcesBuildPhase section */
		ED4B61A428BCA12300CFF12F /* Sources */ = {
			isa = PBXSourcesBuildPhase;
			buildActionMask = 2147483647;
			files = (
				EDEAD55828BF5DE000398023 /* CustomCollectionViewCell.swift in Sources */,
				ED4B61B028BCA12300CFF12F /* ViewController.swift in Sources */,
				ED4B61AC28BCA12300CFF12F /* AppDelegate.swift in Sources */,
				EDEAD55528BF5D2000398023 /* MainPageViewController.swift in Sources */,
				ED4B61AE28BCA12300CFF12F /* SceneDelegate.swift in Sources */,
				EDEAD56228BF5EE400398023 /* CollectionTableViewCell.swift in Sources */,
				4375EE8A28BEC590003123A4 /* DetailsViewController.swift in Sources */,
			);
			runOnlyForDeploymentPostprocessing = 0;
		};
/* End PBXSourcesBuildPhase section */

/* Begin PBXVariantGroup section */
		ED4B61B128BCA12300CFF12F /* Main.storyboard */ = {
			isa = PBXVariantGroup;
			children = (
				ED4B61B228BCA12300CFF12F /* Base */,
			);
			name = Main.storyboard;
			sourceTree = "<group>";
		};
		ED4B61B628BCA12500CFF12F /* LaunchScreen.storyboard */ = {
			isa = PBXVariantGroup;
			children = (
				ED4B61B728BCA12500CFF12F /* Base */,
			);
			name = LaunchScreen.storyboard;
			sourceTree = "<group>";
		};
/* End PBXVariantGroup section */

/* Begin XCBuildConfiguration section */
		ED4B61BA28BCA12500CFF12F /* Debug */ = {
			isa = XCBuildConfiguration;
			buildSettings = {
				ALWAYS_SEARCH_USER_PATHS = NO;
				CLANG_ANALYZER_NONNULL = YES;
				CLANG_ANALYZER_NUMBER_OBJECT_CONVERSION = YES_AGGRESSIVE;
				CLANG_CXX_LANGUAGE_STANDARD = "gnu++17";
				CLANG_CXX_LIBRARY = "libc++";
				CLANG_ENABLE_MODULES = YES;
				CLANG_ENABLE_OBJC_ARC = YES;
				CLANG_ENABLE_OBJC_WEAK = YES;
				CLANG_WARN_BLOCK_CAPTURE_AUTORELEASING = YES;
				CLANG_WARN_BOOL_CONVERSION = YES;
				CLANG_WARN_COMMA = YES;
				CLANG_WARN_CONSTANT_CONVERSION = YES;
				CLANG_WARN_DEPRECATED_OBJC_IMPLEMENTATIONS = YES;
				CLANG_WARN_DIRECT_OBJC_ISA_USAGE = YES_ERROR;
				CLANG_WARN_DOCUMENTATION_COMMENTS = YES;
				CLANG_WARN_EMPTY_BODY = YES;
				CLANG_WARN_ENUM_CONVERSION = YES;
				CLANG_WARN_INFINITE_RECURSION = YES;
				CLANG_WARN_INT_CONVERSION = YES;
				CLANG_WARN_NON_LITERAL_NULL_CONVERSION = YES;
				CLANG_WARN_OBJC_IMPLICIT_RETAIN_SELF = YES;
				CLANG_WARN_OBJC_LITERAL_CONVERSION = YES;
				CLANG_WARN_OBJC_ROOT_CLASS = YES_ERROR;
				CLANG_WARN_QUOTED_INCLUDE_IN_FRAMEWORK_HEADER = YES;
				CLANG_WARN_RANGE_LOOP_ANALYSIS = YES;
				CLANG_WARN_STRICT_PROTOTYPES = YES;
				CLANG_WARN_SUSPICIOUS_MOVE = YES;
				CLANG_WARN_UNGUARDED_AVAILABILITY = YES_AGGRESSIVE;
				CLANG_WARN_UNREACHABLE_CODE = YES;
				CLANG_WARN__DUPLICATE_METHOD_MATCH = YES;
				COPY_PHASE_STRIP = NO;
				DEBUG_INFORMATION_FORMAT = dwarf;
				ENABLE_STRICT_OBJC_MSGSEND = YES;
				ENABLE_TESTABILITY = YES;
				GCC_C_LANGUAGE_STANDARD = gnu11;
				GCC_DYNAMIC_NO_PIC = NO;
				GCC_NO_COMMON_BLOCKS = YES;
				GCC_OPTIMIZATION_LEVEL = 0;
				GCC_PREPROCESSOR_DEFINITIONS = (
					"DEBUG=1",
					"$(inherited)",
				);
				GCC_WARN_64_TO_32_BIT_CONVERSION = YES;
				GCC_WARN_ABOUT_RETURN_TYPE = YES_ERROR;
				GCC_WARN_UNDECLARED_SELECTOR = YES;
				GCC_WARN_UNINITIALIZED_AUTOS = YES_AGGRESSIVE;
				GCC_WARN_UNUSED_FUNCTION = YES;
				GCC_WARN_UNUSED_VARIABLE = YES;
				IPHONEOS_DEPLOYMENT_TARGET = 15.2;
				MTL_ENABLE_DEBUG_INFO = INCLUDE_SOURCE;
				MTL_FAST_MATH = YES;
				ONLY_ACTIVE_ARCH = YES;
				SDKROOT = iphoneos;
				SWIFT_ACTIVE_COMPILATION_CONDITIONS = DEBUG;
				SWIFT_OPTIMIZATION_LEVEL = "-Onone";
			};
			name = Debug;
		};
		ED4B61BB28BCA12500CFF12F /* Release */ = {
			isa = XCBuildConfiguration;
			buildSettings = {
				ALWAYS_SEARCH_USER_PATHS = NO;
				CLANG_ANALYZER_NONNULL = YES;
				CLANG_ANALYZER_NUMBER_OBJECT_CONVERSION = YES_AGGRESSIVE;
				CLANG_CXX_LANGUAGE_STANDARD = "gnu++17";
				CLANG_CXX_LIBRARY = "libc++";
				CLANG_ENABLE_MODULES = YES;
				CLANG_ENABLE_OBJC_ARC = YES;
				CLANG_ENABLE_OBJC_WEAK = YES;
				CLANG_WARN_BLOCK_CAPTURE_AUTORELEASING = YES;
				CLANG_WARN_BOOL_CONVERSION = YES;
				CLANG_WARN_COMMA = YES;
				CLANG_WARN_CONSTANT_CONVERSION = YES;
				CLANG_WARN_DEPRECATED_OBJC_IMPLEMENTATIONS = YES;
				CLANG_WARN_DIRECT_OBJC_ISA_USAGE = YES_ERROR;
				CLANG_WARN_DOCUMENTATION_COMMENTS = YES;
				CLANG_WARN_EMPTY_BODY = YES;
				CLANG_WARN_ENUM_CONVERSION = YES;
				CLANG_WARN_INFINITE_RECURSION = YES;
				CLANG_WARN_INT_CONVERSION = YES;
				CLANG_WARN_NON_LITERAL_NULL_CONVERSION = YES;
				CLANG_WARN_OBJC_IMPLICIT_RETAIN_SELF = YES;
				CLANG_WARN_OBJC_LITERAL_CONVERSION = YES;
				CLANG_WARN_OBJC_ROOT_CLASS = YES_ERROR;
				CLANG_WARN_QUOTED_INCLUDE_IN_FRAMEWORK_HEADER = YES;
				CLANG_WARN_RANGE_LOOP_ANALYSIS = YES;
				CLANG_WARN_STRICT_PROTOTYPES = YES;
				CLANG_WARN_SUSPICIOUS_MOVE = YES;
				CLANG_WARN_UNGUARDED_AVAILABILITY = YES_AGGRESSIVE;
				CLANG_WARN_UNREACHABLE_CODE = YES;
				CLANG_WARN__DUPLICATE_METHOD_MATCH = YES;
				COPY_PHASE_STRIP = NO;
				DEBUG_INFORMATION_FORMAT = "dwarf-with-dsym";
				ENABLE_NS_ASSERTIONS = NO;
				ENABLE_STRICT_OBJC_MSGSEND = YES;
				GCC_C_LANGUAGE_STANDARD = gnu11;
				GCC_NO_COMMON_BLOCKS = YES;
				GCC_WARN_64_TO_32_BIT_CONVERSION = YES;
				GCC_WARN_ABOUT_RETURN_TYPE = YES_ERROR;
				GCC_WARN_UNDECLARED_SELECTOR = YES;
				GCC_WARN_UNINITIALIZED_AUTOS = YES_AGGRESSIVE;
				GCC_WARN_UNUSED_FUNCTION = YES;
				GCC_WARN_UNUSED_VARIABLE = YES;
				IPHONEOS_DEPLOYMENT_TARGET = 15.2;
				MTL_ENABLE_DEBUG_INFO = NO;
				MTL_FAST_MATH = YES;
				SDKROOT = iphoneos;
				SWIFT_COMPILATION_MODE = wholemodule;
				SWIFT_OPTIMIZATION_LEVEL = "-O";
				VALIDATE_PRODUCT = YES;
			};
			name = Release;
		};
		ED4B61BD28BCA12500CFF12F /* Debug */ = {
			isa = XCBuildConfiguration;
			buildSettings = {
				ASSETCATALOG_COMPILER_APPICON_NAME = AppIcon;
				ASSETCATALOG_COMPILER_GLOBAL_ACCENT_COLOR_NAME = AccentColor;
				CODE_SIGN_STYLE = Automatic;
				CURRENT_PROJECT_VERSION = 1;
				DEVELOPMENT_TEAM = 4Z2WB5K56M;
				GENERATE_INFOPLIST_FILE = YES;
				INFOPLIST_FILE = MovieDatabase/Info.plist;
				INFOPLIST_KEY_UIApplicationSupportsIndirectInputEvents = YES;
				INFOPLIST_KEY_UILaunchStoryboardName = LaunchScreen;
				INFOPLIST_KEY_UIMainStoryboardFile = Main;
				INFOPLIST_KEY_UISupportedInterfaceOrientations_iPad = "UIInterfaceOrientationPortrait UIInterfaceOrientationPortraitUpsideDown UIInterfaceOrientationLandscapeLeft UIInterfaceOrientationLandscapeRight";
				INFOPLIST_KEY_UISupportedInterfaceOrientations_iPhone = "UIInterfaceOrientationPortrait UIInterfaceOrientationLandscapeLeft UIInterfaceOrientationLandscapeRight";
				LD_RUNPATH_SEARCH_PATHS = (
					"$(inherited)",
					"@executable_path/Frameworks",
				);
				MARKETING_VERSION = 1.0;
				PRODUCT_BUNDLE_IDENTIFIER = com.vikhlyaev.MovieDatabase;
				PRODUCT_NAME = "$(TARGET_NAME)";
				SWIFT_EMIT_LOC_STRINGS = YES;
				SWIFT_VERSION = 5.0;
				TARGETED_DEVICE_FAMILY = "1,2";
			};
			name = Debug;
		};
		ED4B61BE28BCA12500CFF12F /* Release */ = {
			isa = XCBuildConfiguration;
			buildSettings = {
				ASSETCATALOG_COMPILER_APPICON_NAME = AppIcon;
				ASSETCATALOG_COMPILER_GLOBAL_ACCENT_COLOR_NAME = AccentColor;
				CODE_SIGN_STYLE = Automatic;
				CURRENT_PROJECT_VERSION = 1;
				DEVELOPMENT_TEAM = 4Z2WB5K56M;
				GENERATE_INFOPLIST_FILE = YES;
				INFOPLIST_FILE = MovieDatabase/Info.plist;
				INFOPLIST_KEY_UIApplicationSupportsIndirectInputEvents = YES;
				INFOPLIST_KEY_UILaunchStoryboardName = LaunchScreen;
				INFOPLIST_KEY_UIMainStoryboardFile = Main;
				INFOPLIST_KEY_UISupportedInterfaceOrientations_iPad = "UIInterfaceOrientationPortrait UIInterfaceOrientationPortraitUpsideDown UIInterfaceOrientationLandscapeLeft UIInterfaceOrientationLandscapeRight";
				INFOPLIST_KEY_UISupportedInterfaceOrientations_iPhone = "UIInterfaceOrientationPortrait UIInterfaceOrientationLandscapeLeft UIInterfaceOrientationLandscapeRight";
				LD_RUNPATH_SEARCH_PATHS = (
					"$(inherited)",
					"@executable_path/Frameworks",
				);
				MARKETING_VERSION = 1.0;
				PRODUCT_BUNDLE_IDENTIFIER = com.vikhlyaev.MovieDatabase;
				PRODUCT_NAME = "$(TARGET_NAME)";
				SWIFT_EMIT_LOC_STRINGS = YES;
				SWIFT_VERSION = 5.0;
				TARGETED_DEVICE_FAMILY = "1,2";
			};
			name = Release;
		};
/* End XCBuildConfiguration section */

/* Begin XCConfigurationList section */
		ED4B61A328BCA12300CFF12F /* Build configuration list for PBXProject "MovieDatabase" */ = {
			isa = XCConfigurationList;
			buildConfigurations = (
				ED4B61BA28BCA12500CFF12F /* Debug */,
				ED4B61BB28BCA12500CFF12F /* Release */,
			);
			defaultConfigurationIsVisible = 0;
			defaultConfigurationName = Release;
		};
		ED4B61BC28BCA12500CFF12F /* Build configuration list for PBXNativeTarget "MovieDatabase" */ = {
			isa = XCConfigurationList;
			buildConfigurations = (
				ED4B61BD28BCA12500CFF12F /* Debug */,
				ED4B61BE28BCA12500CFF12F /* Release */,
			);
			defaultConfigurationIsVisible = 0;
			defaultConfigurationName = Release;
		};
/* End XCConfigurationList section */
	};
	rootObject = ED4B61A028BCA12300CFF12F /* Project object */;
}
